# THIS IS AN AUTOGENERATED FILE. DO NOT EDIT THIS FILE DIRECTLY.
# yarn lockfile v1


"@babel/helper-string-parser@^7.25.9":
  version "7.25.9"
  resolved "https://registry.yarnpkg.com/@babel/helper-string-parser/-/helper-string-parser-7.25.9.tgz#1aabb72ee72ed35789b4bbcad3ca2862ce614e8c"
  integrity sha512-4A/SCr/2KLd5jrtOMFzaKjVtAei3+2r/NChoBNoZ3EyP/+GlhoaEGoWOZUmFmoITP7zOJyHIMm+DYRd8o3PvHA==

"@babel/helper-validator-identifier@^7.25.9":
  version "7.25.9"
  resolved "https://registry.yarnpkg.com/@babel/helper-validator-identifier/-/helper-validator-identifier-7.25.9.tgz#24b64e2c3ec7cd3b3c547729b8d16871f22cbdc7"
  integrity sha512-Ed61U6XJc3CVRfkERJWDz4dJwKe7iLmmJsbOGu9wSloNSFttHV0I8g6UAgb7qnK5ly5bGLPd4oXZlxCdANBOWQ==

"@babel/parser@^7.20.15", "@babel/parser@^7.21.3":
  version "7.27.0"
  resolved "https://registry.yarnpkg.com/@babel/parser/-/parser-7.27.0.tgz#3d7d6ee268e41d2600091cbd4e145ffee85a44ec"
  integrity sha512-iaepho73/2Pz7w2eMS0Q5f83+0RKI7i4xmiYeBmDzfRVbQtTOG7Ts0S4HzJVsTMGI9keU8rNfuZr8DKfSt7Yyg==
  dependencies:
    "@babel/types" "^7.27.0"

"@babel/types@^7.27.0":
  version "7.27.0"
  resolved "https://registry.yarnpkg.com/@babel/types/-/types-7.27.0.tgz#ef9acb6b06c3173f6632d993ecb6d4ae470b4559"
  integrity sha512-H45s8fVLYjbhFH62dIJ3WtmJ6RSPt/3DRO0ZcT2SUiYiQyz3BLVb9ADEnLl91m74aQPS3AzzeajZHYOalWe3bg==
  dependencies:
    "@babel/helper-string-parser" "^7.25.9"
    "@babel/helper-validator-identifier" "^7.25.9"

"@jridgewell/sourcemap-codec@^1.5.0":
  version "1.5.0"
  resolved "https://registry.yarnpkg.com/@jridgewell/sourcemap-codec/-/sourcemap-codec-1.5.0.tgz#3188bcb273a414b0d215fd22a58540b989b9409a"
  integrity sha512-gv3ZRaISU3fjPAgNsriBRqGWQL6quFx04YMPW/zD8XMLsU32mhCCbfbO6KZFLjvYpCZ8zyDEgqsgf+PwPaM7GQ==

"@vitejs/plugin-vue@^2.3.3":
  version "2.3.3"
  resolved "https://registry.yarnpkg.com/@vitejs/plugin-vue/-/plugin-vue-2.3.3.tgz#fbf80cc039b82ac21a1acb0f0478de8f61fbf600"
  integrity sha512-SmQLDyhz+6lGJhPELsBdzXGc+AcaT8stgkbiTFGpXPe8Tl1tJaBw1A6pxDqDuRsVkD8uscrkx3hA7QDOoKYtyw==

"@vue/compiler-core@3.3.4":
  version "3.3.4"
  resolved "https://registry.yarnpkg.com/@vue/compiler-core/-/compiler-core-3.3.4.tgz#7fbf591c1c19e1acd28ffd284526e98b4f581128"
  integrity sha512-cquyDNvZ6jTbf/+x+AgM2Arrp6G4Dzbb0R64jiG804HRMfRiFXWI6kqUVqZ6ZR0bQhIoQjB4+2bhNtVwndW15g==
  dependencies:
    "@babel/parser" "^7.21.3"
    "@vue/shared" "3.3.4"
    estree-walker "^2.0.2"
    source-map-js "^1.0.2"

"@vue/compiler-dom@3.3.4":
  version "3.3.4"
  resolved "https://registry.yarnpkg.com/@vue/compiler-dom/-/compiler-dom-3.3.4.tgz#f56e09b5f4d7dc350f981784de9713d823341151"
  integrity sha512-wyM+OjOVpuUukIq6p5+nwHYtj9cFroz9cwkfmP9O1nzH68BenTTv0u7/ndggT8cIQlnBeOo6sUT/gvHcIkLA5w==
  dependencies:
    "@vue/compiler-core" "3.3.4"
    "@vue/shared" "3.3.4"

"@vue/compiler-sfc@3.3.4":
  version "3.3.4"
  resolved "https://registry.yarnpkg.com/@vue/compiler-sfc/-/compiler-sfc-3.3.4.tgz#b19d942c71938893535b46226d602720593001df"
  integrity sha512-6y/d8uw+5TkCuzBkgLS0v3lSM3hJDntFEiUORM11pQ/hKvkhSKZrXW6i69UyXlJQisJxuUEJKAWEqWbWsLeNKQ==
  dependencies:
    "@babel/parser" "^7.20.15"
    "@vue/compiler-core" "3.3.4"
    "@vue/compiler-dom" "3.3.4"
    "@vue/compiler-ssr" "3.3.4"
    "@vue/reactivity-transform" "3.3.4"
    "@vue/shared" "3.3.4"
    estree-walker "^2.0.2"
    magic-string "^0.30.0"
    postcss "^8.1.10"
    source-map-js "^1.0.2"

"@vue/compiler-ssr@3.3.4":
  version "3.3.4"
  resolved "https://registry.yarnpkg.com/@vue/compiler-ssr/-/compiler-ssr-3.3.4.tgz#9d1379abffa4f2b0cd844174ceec4a9721138777"
  integrity sha512-m0v6oKpup2nMSehwA6Uuu+j+wEwcy7QmwMkVNVfrV9P2qE5KshC6RwOCq8fjGS/Eak/uNb8AaWekfiXxbBB6gQ==
  dependencies:
    "@vue/compiler-dom" "3.3.4"
    "@vue/shared" "3.3.4"

"@vue/devtools-api@^6.0.0":
  version "6.1.4"
  resolved "https://registry.yarnpkg.com/@vue/devtools-api/-/devtools-api-6.1.4.tgz#b4aec2f4b4599e11ba774a50c67fa378c9824e53"
  integrity sha512-IiA0SvDrJEgXvVxjNkHPFfDx6SXw0b/TUkqMcDZWNg9fnCAHbTpoo59YfJ9QLFkwa3raau5vSlRVzMSLDnfdtQ==

"@vue/devtools-api@^7.7.2":
  version "7.7.2"
  resolved "https://registry.yarnpkg.com/@vue/devtools-api/-/devtools-api-7.7.2.tgz#49837eae6f61fc43a09f5d6c2d3210f9f73a0d09"
  integrity sha512-1syn558KhyN+chO5SjlZIwJ8bV/bQ1nOVTG66t2RbG66ZGekyiYNmRO7X9BJCXQqPsFHlnksqvPhce2qpzxFnA==
  dependencies:
    "@vue/devtools-kit" "^7.7.2"

"@vue/devtools-kit@^7.7.2":
  version "7.7.2"
  resolved "https://registry.yarnpkg.com/@vue/devtools-kit/-/devtools-kit-7.7.2.tgz#3315bd5b144f98c7b84c2f44270b445644ec8f10"
  integrity sha512-CY0I1JH3Z8PECbn6k3TqM1Bk9ASWxeMtTCvZr7vb+CHi+X/QwQm5F1/fPagraamKMAHVfuuCbdcnNg1A4CYVWQ==
  dependencies:
    "@vue/devtools-shared" "^7.7.2"
    birpc "^0.2.19"
    hookable "^5.5.3"
    mitt "^3.0.1"
    perfect-debounce "^1.0.0"
    speakingurl "^14.0.1"
    superjson "^2.2.1"

"@vue/devtools-shared@^7.7.2":
  version "7.7.2"
  resolved "https://registry.yarnpkg.com/@vue/devtools-shared/-/devtools-shared-7.7.2.tgz#b11b143820130a32d8ce5737e264d06ab6d62f40"
  integrity sha512-uBFxnp8gwW2vD6FrJB8JZLUzVb6PNRG0B0jBnHsOH8uKyva2qINY8PTF5Te4QlTbMDqU5K6qtJDr6cNsKWhbOA==
  dependencies:
    rfdc "^1.4.1"

"@vue/reactivity-transform@3.3.4":
  version "3.3.4"
  resolved "https://registry.yarnpkg.com/@vue/reactivity-transform/-/reactivity-transform-3.3.4.tgz#52908476e34d6a65c6c21cd2722d41ed8ae51929"
  integrity sha512-MXgwjako4nu5WFLAjpBnCj/ieqcjE2aJBINUNQzkZQfzIZA4xn+0fV1tIYBJvvva3N3OvKGofRLvQIwEQPpaXw==
  dependencies:
    "@babel/parser" "^7.20.15"
    "@vue/compiler-core" "3.3.4"
    "@vue/shared" "3.3.4"
    estree-walker "^2.0.2"
    magic-string "^0.30.0"

"@vue/reactivity@3.3.4":
  version "3.3.4"
  resolved "https://registry.yarnpkg.com/@vue/reactivity/-/reactivity-3.3.4.tgz#a27a29c6cd17faba5a0e99fbb86ee951653e2253"
  integrity sha512-kLTDLwd0B1jG08NBF3R5rqULtv/f8x3rOFByTDz4J53ttIQEDmALqKqXY0J+XQeN0aV2FBxY8nJDf88yvOPAqQ==
  dependencies:
    "@vue/shared" "3.3.4"

"@vue/runtime-core@3.3.4":
  version "3.3.4"
  resolved "https://registry.yarnpkg.com/@vue/runtime-core/-/runtime-core-3.3.4.tgz#4bb33872bbb583721b340f3088888394195967d1"
  integrity sha512-R+bqxMN6pWO7zGI4OMlmvePOdP2c93GsHFM/siJI7O2nxFRzj55pLwkpCedEY+bTMgp5miZ8CxfIZo3S+gFqvA==
  dependencies:
    "@vue/reactivity" "3.3.4"
    "@vue/shared" "3.3.4"

"@vue/runtime-dom@3.3.4":
  version "3.3.4"
  resolved "https://registry.yarnpkg.com/@vue/runtime-dom/-/runtime-dom-3.3.4.tgz#992f2579d0ed6ce961f47bbe9bfe4b6791251566"
  integrity sha512-Aj5bTJ3u5sFsUckRghsNjVTtxZQ1OyMWCr5dZRAPijF/0Vy4xEoRCwLyHXcj4D0UFbJ4lbx3gPTgg06K/GnPnQ==
  dependencies:
    "@vue/runtime-core" "3.3.4"
    "@vue/shared" "3.3.4"
    csstype "^3.1.1"

"@vue/server-renderer@3.3.4":
  version "3.3.4"
  resolved "https://registry.yarnpkg.com/@vue/server-renderer/-/server-renderer-3.3.4.tgz#ea46594b795d1536f29bc592dd0f6655f7ea4c4c"
  integrity sha512-Q6jDDzR23ViIb67v+vM1Dqntu+HUexQcsWKhhQa4ARVzxOY2HbC7QRW/ggkDBd5BU+uM1sV6XOAP0b216o34JQ==
  dependencies:
    "@vue/compiler-ssr" "3.3.4"
    "@vue/shared" "3.3.4"

"@vue/shared@3.3.4":
  version "3.3.4"
  resolved "https://registry.yarnpkg.com/@vue/shared/-/shared-3.3.4.tgz#06e83c5027f464eef861c329be81454bc8b70780"
  integrity sha512-7OjdcV8vQ74eiz1TZLzZP4JwqM5fA94K6yntPS5Z25r9HDuGNzaGdgvwKYq6S+MxwF0TFRwe50fIR/MYnakdkQ==

ansi-styles@^4.1.0:
  version "4.3.0"
  resolved "https://registry.npmmirror.com/ansi-styles/-/ansi-styles-4.3.0.tgz#edd803628ae71c04c85ae7a0906edad34b648937"
  integrity sha512-zbB9rCJAT1rbjiVDb2hqKFHNYLxgtk8NURxZ3IZwD3F6NtxbXZQCnnSi1Lkx+IDohdPlFp222wVALIheZJQSEg==
  dependencies:
    color-convert "^2.0.1"

birpc@^0.2.19:
  version "0.2.19"
  resolved "https://registry.yarnpkg.com/birpc/-/birpc-0.2.19.tgz#cdd183a4a70ba103127d49765b4a71349da5a0ca"
  integrity sha512-5WeXXAvTmitV1RqJFppT5QtUiz2p1mRSYU000Jkft5ZUCLJIk4uQriYNO50HknxKwM6jd8utNc66K1qGIwwWBQ==

chalk@^4.1.2:
  version "4.1.2"
  resolved "https://registry.npmmirror.com/chalk/-/chalk-4.1.2.tgz#aac4e2b7734a740867aeb16bf02aad556a1e7a01"
  integrity sha512-oKnbhFyRIXpUuez8iBMmyEa4nbj4IOQyuhc/wy9kY7/WVPcwIO9VA668Pu8RkO7+0G76SLROeyw9CpQ061i4mA==
  dependencies:
    ansi-styles "^4.1.0"
    supports-color "^7.1.0"

color-convert@^2.0.1:
  version "2.0.1"
  resolved "https://registry.npmmirror.com/color-convert/-/color-convert-2.0.1.tgz#72d3a68d598c9bdb3af2ad1e84f21d896abd4de3"
  integrity sha512-RRECPsj7iu/xb5oKYcsFHSppFNnsj/52OVTRKb4zP5onXwVF3zVmmToNcOfGC+CRDpfK/U584fMg38ZHCaElKQ==
  dependencies:
    color-name "~1.1.4"

color-name@~1.1.4:
  version "1.1.4"
  resolved "https://registry.npmmirror.com/color-name/-/color-name-1.1.4.tgz#c2a09a87acbde69543de6f63fa3995c826c536a2"
  integrity sha512-dOy+3AuW3a2wNbZHIuMZpTcgjGuLU/uBL/ubcZF9OXbDo8ff4O8yVp5Bf0efS8uEoYo5q4Fx7dY9OgQGXgAsQA==

copy-anything@^3.0.2:
  version "3.0.5"
  resolved "https://registry.yarnpkg.com/copy-anything/-/copy-anything-3.0.5.tgz#2d92dce8c498f790fa7ad16b01a1ae5a45b020a0"
  integrity sha512-yCEafptTtb4bk7GLEQoM8KVJpxAfdBJYaXyzQEgQQQgYrZiDp8SJmGKlYza6CYjEDNstAdNdKA3UuoULlEbS6w==
  dependencies:
    is-what "^4.1.8"

csstype@^3.1.1:
  version "3.1.3"
  resolved "https://registry.yarnpkg.com/csstype/-/csstype-3.1.3.tgz#d80ff294d114fb0e6ac500fbf85b60137d7eff81"
  integrity sha512-M1uQkMl8rQK/szD0LNhtqxIPLpimGm8sOBwU7lLnCpSbTyY3yeU1Vc7l4KT5zT4s/yOxHH5O7tIuuLOCnLADRw==

debug@^4.3.3:
  version "4.4.0"
  resolved "https://registry.npmmirror.com/debug/-/debug-4.4.0.tgz#2b3f2aea2ffeb776477460267377dc8710faba8a"
  integrity sha512-6WTZ/IxCY/T6BALoZHaE4ctp9xm+Z5kY/pzYaCHRFeyVhojxlrm+46y68HA6hr0TcwEssoxNiDEUJQjfPZ/RYA==
  dependencies:
    ms "^2.1.3"

esbuild-android-64@0.14.43:
  version "0.14.43"
  resolved "https://registry.yarnpkg.com/esbuild-android-64/-/esbuild-android-64-0.14.43.tgz#59bf3edad6863c27aa92bbb5c1d83a9a5c981495"
  integrity sha512-kqFXAS72K6cNrB6RiM7YJ5lNvmWRDSlpi7ZuRZ1hu1S3w0zlwcoCxWAyM23LQUyZSs1PbjHgdbbfYAN8IGh6xg==

esbuild-android-arm64@0.14.43:
  version "0.14.43"
  resolved "https://registry.yarnpkg.com/esbuild-android-arm64/-/esbuild-android-arm64-0.14.43.tgz#0258704edf92ce2463af6d2900b844b5423bed63"
  integrity sha512-bKS2BBFh+7XZY9rpjiHGRNA7LvWYbZWP87pLehggTG7tTaCDvj8qQGOU/OZSjCSKDYbgY7Q+oDw8RlYQ2Jt2BA==

esbuild-darwin-64@0.14.43:
  version "0.14.43"
  resolved "https://registry.yarnpkg.com/esbuild-darwin-64/-/esbuild-darwin-64-0.14.43.tgz#72a47295678d4aa0656979baa8cf6d5c8c92656f"
  integrity sha512-/3PSilx011ttoieRGkSZ0XV8zjBf2C9enV4ScMMbCT4dpx0mFhMOpFnCHkOK0pWGB8LklykFyHrWk2z6DENVUg==

esbuild-darwin-arm64@0.14.43:
  version "0.14.43"
  resolved "https://registry.yarnpkg.com/esbuild-darwin-arm64/-/esbuild-darwin-arm64-0.14.43.tgz#5f5823170b8d85b888957f0794e186caac447aca"
  integrity sha512-1HyFUKs8DMCBOvw1Qxpr5Vv/ThNcVIFb5xgXWK3pyT40WPvgYIiRTwJCvNs4l8i5qWF8/CK5bQxJVDjQvtv0Yw==

esbuild-freebsd-64@0.14.43:
  version "0.14.43"
  resolved "https://registry.yarnpkg.com/esbuild-freebsd-64/-/esbuild-freebsd-64-0.14.43.tgz#e4a48b08181053837e6cd9bda19ae0af94d493b0"
  integrity sha512-FNWc05TPHYgaXjbPZO5/rJKSBslfG6BeMSs8GhwnqAKP56eEhvmzwnIz1QcC9cRVyO+IKqWNfmHFkCa1WJTULA==

esbuild-freebsd-arm64@0.14.43:
  version "0.14.43"
  resolved "https://registry.yarnpkg.com/esbuild-freebsd-arm64/-/esbuild-freebsd-arm64-0.14.43.tgz#386e780d36c1dedf3a1cdab79e0bbacd873274e6"
  integrity sha512-amrYopclz3VohqisOPR6hA3GOWA3LZC1WDLnp21RhNmoERmJ/vLnOpnrG2P/Zao+/erKTCUqmrCIPVtj58DRoA==

esbuild-linux-32@0.14.43:
  version "0.14.43"
  resolved "https://registry.yarnpkg.com/esbuild-linux-32/-/esbuild-linux-32-0.14.43.tgz#040ed6b9ebf06d73acdf2acce7f1cd0c12fbc6a5"
  integrity sha512-KoxoEra+9O3AKVvgDFvDkiuddCds6q71owSQEYwjtqRV7RwbPzKxJa6+uyzUulHcyGVq0g15K0oKG5CFBcvYDw==

esbuild-linux-64@0.14.43:
  version "0.14.43"
  resolved "https://registry.yarnpkg.com/esbuild-linux-64/-/esbuild-linux-64-0.14.43.tgz#8abbb7594ab6a008f2aae72d95d8a4fdc59d9000"
  integrity sha512-EwINwGMyiJMgBby5/SbMqKcUhS5AYAZ2CpEBzSowsJPNBJEdhkCTtEjk757TN/wxgbu3QklqDM6KghY660QCUw==

esbuild-linux-arm64@0.14.43:
  version "0.14.43"
  resolved "https://registry.yarnpkg.com/esbuild-linux-arm64/-/esbuild-linux-arm64-0.14.43.tgz#4e8e9ce77cbf7efec65e79e512b3d2fbd2da398f"
  integrity sha512-UlSpjMWllAc70zYbHxWuDS3FJytyuR/gHJYBr8BICcTNb/TSOYVBg6U7b3jZ3mILTrgzwJUHwhEwK18FZDouUQ==

esbuild-linux-arm@0.14.43:
  version "0.14.43"
  resolved "https://registry.yarnpkg.com/esbuild-linux-arm/-/esbuild-linux-arm-0.14.43.tgz#9e41ee5e099c0ffdfd150da154330c2c0226cc96"
  integrity sha512-e6YzQUoDxxtyamuF12eVzzRC7bbEFSZohJ6igQB9tBqnNmIQY3fI6Cns3z2wxtbZ3f2o6idkD2fQnlvs2902Dg==

esbuild-linux-mips64le@0.14.43:
  version "0.14.43"
  resolved "https://registry.yarnpkg.com/esbuild-linux-mips64le/-/esbuild-linux-mips64le-0.14.43.tgz#4b41f465a787f91cc4fe7dffa0dcabf655935a1a"
  integrity sha512-f+v8cInPEL1/SDP//CfSYzcDNgE4CY3xgDV81DWm3KAPWzhvxARrKxB1Pstf5mB56yAslJDxu7ryBUPX207EZA==

esbuild-linux-ppc64le@0.14.43:
  version "0.14.43"
  resolved "https://registry.yarnpkg.com/esbuild-linux-ppc64le/-/esbuild-linux-ppc64le-0.14.43.tgz#ca15934f5b46728dd9ac05270e783e7feaca9eaf"
  integrity sha512-5wZYMDGAL/K2pqkdIsW+I4IR41kyfHr/QshJcNpUfK3RjB3VQcPWOaZmc+74rm4ZjVirYrtz+jWw0SgxtxRanA==

esbuild-linux-riscv64@0.14.43:
  version "0.14.43"
  resolved "https://registry.yarnpkg.com/esbuild-linux-riscv64/-/esbuild-linux-riscv64-0.14.43.tgz#70fce2b5a0605a67e58b5a357b0e00be1029836d"
  integrity sha512-lYcAOUxp85hC7lSjycJUVSmj4/9oEfSyXjb/ua9bNl8afonaduuqtw7hvKMoKuYnVwOCDw4RSfKpcnIRDWq+Bw==

esbuild-linux-s390x@0.14.43:
  version "0.14.43"
  resolved "https://registry.yarnpkg.com/esbuild-linux-s390x/-/esbuild-linux-s390x-0.14.43.tgz#318d03b4f4ccc7fa44ac7562121cf4a4529e477a"
  integrity sha512-27e43ZhHvhFE4nM7HqtUbMRu37I/4eNSUbb8FGZWszV+uLzMIsHDwLoBiJmw7G9N+hrehNPeQ4F5Ujad0DrUKQ==

esbuild-netbsd-64@0.14.43:
  version "0.14.43"
  resolved "https://registry.yarnpkg.com/esbuild-netbsd-64/-/esbuild-netbsd-64-0.14.43.tgz#86130ce204ef0162a96e863b55851efecc92f423"
  integrity sha512-2mH4QF6hHBn5zzAfxEI/2eBC0mspVsZ6UVo821LpAJKMvLJPBk3XJO5xwg7paDqSqpl7p6IRrAenW999AEfJhQ==

esbuild-openbsd-64@0.14.43:
  version "0.14.43"
  resolved "https://registry.yarnpkg.com/esbuild-openbsd-64/-/esbuild-openbsd-64-0.14.43.tgz#0229dc2db2ded97b03bb93bba7646b30ffdf5d0d"
  integrity sha512-ZhQpiZjvqCqO8jKdGp9+8k9E/EHSA+zIWOg+grwZasI9RoblqJ1QiZqqi7jfd6ZrrG1UFBNGe4m0NFxCFbMVbg==

esbuild-sunos-64@0.14.43:
  version "0.14.43"
  resolved "https://registry.yarnpkg.com/esbuild-sunos-64/-/esbuild-sunos-64-0.14.43.tgz#17e316216eb9f1de25d52a9000356ae5b869e736"
  integrity sha512-DgxSi9DaHReL9gYuul2rrQCAapgnCJkh3LSHPKsY26zytYppG0HgkgVF80zjIlvEsUbGBP/GHQzBtrezj/Zq1Q==

esbuild-windows-32@0.14.43:
  version "0.14.43"
  resolved "https://registry.yarnpkg.com/esbuild-windows-32/-/esbuild-windows-32-0.14.43.tgz#a173757bc6dfd0f2656ff40b64f7f9290745778e"
  integrity sha512-Ih3+2O5oExiqm0mY6YYE5dR0o8+AspccQ3vIAtRodwFvhuyGLjb0Hbmzun/F3Lw19nuhPMu3sW2fqIJ5xBxByw==

esbuild-windows-64@0.14.43:
  version "0.14.43"
  resolved "https://registry.yarnpkg.com/esbuild-windows-64/-/esbuild-windows-64-0.14.43.tgz#c447b23126aad158c4fe6a394342cafd97926ed1"
  integrity sha512-8NsuNfI8xwFuJbrCuI+aBqNTYkrWErejFO5aYM+yHqyHuL8mmepLS9EPzAzk8rvfaJrhN0+RvKWAcymViHOKEw==

esbuild-windows-arm64@0.14.43:
  version "0.14.43"
  resolved "https://registry.yarnpkg.com/esbuild-windows-arm64/-/esbuild-windows-arm64-0.14.43.tgz#3caed1b430d394d7a7836407b9d36c4750246e76"
  integrity sha512-7ZlD7bo++kVRblJEoG+cepljkfP8bfuTPz5fIXzptwnPaFwGS6ahvfoYzY7WCf5v/1nX2X02HDraVItTgbHnKw==

esbuild@^0.14.27:
  version "0.14.43"
  resolved "https://registry.yarnpkg.com/esbuild/-/esbuild-0.14.43.tgz#c227d585c512d3e0f23b88f50b8e16501147f647"
  integrity sha512-Uf94+kQmy/5jsFwKWiQB4hfo/RkM9Dh7b79p8yqd1tshULdr25G2szLz631NoH3s2ujnKEKVD16RmOxvCNKRFA==
  optionalDependencies:
    esbuild-android-64 "0.14.43"
    esbuild-android-arm64 "0.14.43"
    esbuild-darwin-64 "0.14.43"
    esbuild-darwin-arm64 "0.14.43"
    esbuild-freebsd-64 "0.14.43"
    esbuild-freebsd-arm64 "0.14.43"
    esbuild-linux-32 "0.14.43"
    esbuild-linux-64 "0.14.43"
    esbuild-linux-arm "0.14.43"
    esbuild-linux-arm64 "0.14.43"
    esbuild-linux-mips64le "0.14.43"
    esbuild-linux-ppc64le "0.14.43"
    esbuild-linux-riscv64 "0.14.43"
    esbuild-linux-s390x "0.14.43"
    esbuild-netbsd-64 "0.14.43"
    esbuild-openbsd-64 "0.14.43"
    esbuild-sunos-64 "0.14.43"
    esbuild-windows-32 "0.14.43"
    esbuild-windows-64 "0.14.43"
    esbuild-windows-arm64 "0.14.43"

estree-walker@^2.0.2:
  version "2.0.2"
  resolved "https://registry.yarnpkg.com/estree-walker/-/estree-walker-2.0.2.tgz#52f010178c2a4c117a7757cfe942adb7d2da4cac"
  integrity sha512-Rfkk/Mp/DL7JVje3u18FxFujQlTNR2q6QfMSMB7AvCBx91NGj/ba3kCfza0f6dVDbw7YlRf/nDrn7pQrCCyQ/w==

fs-extra@^10.0.0:
  version "10.1.0"
  resolved "https://registry.npmmirror.com/fs-extra/-/fs-extra-10.1.0.tgz#02873cfbc4084dde127eaa5f9905eef2325d1abf"
  integrity sha512-oRXApq54ETRj4eMiFzGnHWGy+zo5raudjuxN0b8H7s/RU2oW0Wvsx9O0ACRN/kRq9E8Vu/ReskGB5o3ji+FzHQ==
  dependencies:
    graceful-fs "^4.2.0"
    jsonfile "^6.0.1"
    universalify "^2.0.0"

fsevents@~2.3.2:
  version "2.3.2"
  resolved "https://registry.yarnpkg.com/fsevents/-/fsevents-2.3.2.tgz#8a526f78b8fdf4623b709e0b975c52c24c02fd1a"
  integrity sha512-xiqMQR4xAeHTuB9uWm+fFRcIOgKBMiOBP+eXiyT7jsgVCq1bkVygt00oASowB7EdtpOHaaPgKt812P9ab+DDKA==

function-bind@^1.1.1:
  version "1.1.1"
  resolved "https://registry.yarnpkg.com/function-bind/-/function-bind-1.1.1.tgz#a56899d3ea3c9bab874bb9773b7c5ede92f4895d"
  integrity sha512-yIovAzMX49sF8Yl58fSCWJ5svSLuaibPxXQJFLmBObTuCr0Mf1KiPopGM9NiFjiYBCbfaa2Fh6breQ6ANVTI0A==

graceful-fs@^4.1.6, graceful-fs@^4.2.0:
  version "4.2.11"
  resolved "https://registry.npmmirror.com/graceful-fs/-/graceful-fs-4.2.11.tgz#4183e4e8bf08bb6e05bbb2f7d2e0c8f712ca40e3"
  integrity sha512-RbJ5/jmFcNNCcDV5o9eTnBLJ/HszWV0P73bc+Ff4nS/rJj+YaS6IGyiOL0VoBYX+l1Wrl3k63h/KrH+nhJ0XvQ==

has-flag@^4.0.0:
  version "4.0.0"
  resolved "https://registry.npmmirror.com/has-flag/-/has-flag-4.0.0.tgz#944771fd9c81c81265c4d6941860da06bb59479b"
  integrity sha512-EykJT/Q1KjTWctppgIAgfSO0tKVuZUjhgMr17kqTumMl6Afv3EISleU7qZUzoXDFTAHTDC4NOoG/ZxU3EvlMPQ==

has@^1.0.3:
  version "1.0.3"
  resolved "https://registry.yarnpkg.com/has/-/has-1.0.3.tgz#722d7cbfc1f6aa8241f16dd814e011e1f41e8796"
  integrity sha512-f2dvO0VU6Oej7RkWJGrehjbzMAjFp5/VKPp5tTpWIV4JHHZK1/BxbFRtf/siA2SWTe09caDmVtYYzWEIbBS4zw==
  dependencies:
    function-bind "^1.1.1"

hookable@^5.5.3:
  version "5.5.3"
  resolved "https://registry.yarnpkg.com/hookable/-/hookable-5.5.3.tgz#6cfc358984a1ef991e2518cb9ed4a778bbd3215d"
  integrity sha512-Yc+BQe8SvoXH1643Qez1zqLRmbA5rCL+sSmk6TVos0LWVfNIB7PGncdlId77WzLGSIB5KaWgTaNTs2lNVEI6VQ==

is-core-module@^2.8.1:
  version "2.9.0"
  resolved "https://registry.yarnpkg.com/is-core-module/-/is-core-module-2.9.0.tgz#e1c34429cd51c6dd9e09e0799e396e27b19a9c69"
  integrity sha512-+5FPy5PnwmO3lvfMb0AsoPaBG+5KHUI0wYFXOtYPnVVVspTFUuMZNfNaNVRt3FZadstu2c8x23vykRW/NBoU6A==
  dependencies:
    has "^1.0.3"

is-what@^4.1.8:
  version "4.1.16"
  resolved "https://registry.yarnpkg.com/is-what/-/is-what-4.1.16.tgz#1ad860a19da8b4895ad5495da3182ce2acdd7a6f"
  integrity sha512-ZhMwEosbFJkA0YhFnNDgTM4ZxDRsS6HqTo7qsZM08fehyRYIYa0yHu5R6mgo1n/8MgaPBXiPimPD77baVFYg+A==

jsonfile@^6.0.1:
  version "6.1.0"
  resolved "https://registry.npmmirror.com/jsonfile/-/jsonfile-6.1.0.tgz#bc55b2634793c679ec6403094eb13698a6ec0aae"
  integrity sha512-5dgndWOriYSm5cnYaJNhalLNDKOqFwyDB/rr1E9ZsGciGvKPs8R2xYGCacuf3z6K1YKDz182fd+fY3cn3pMqXQ==
  dependencies:
    universalify "^2.0.0"
  optionalDependencies:
    graceful-fs "^4.1.6"

magic-string@^0.30.0:
  version "0.30.17"
  resolved "https://registry.yarnpkg.com/magic-string/-/magic-string-0.30.17.tgz#450a449673d2460e5bbcfba9a61916a1714c7453"
  integrity sha512-sNPKHvyjVf7gyjwS4xGTaW/mCnF8wnjtifKBEhxfZ7E/S8tQ0rssrwGNn6q8JH/ohItJfSQp9mBtQYuTlH5QnA==
  dependencies:
    "@jridgewell/sourcemap-codec" "^1.5.0"

mitt@^2.1.0:
  version "2.1.0"
  resolved "https://registry.npmmirror.com/mitt/-/mitt-2.1.0.tgz#f740577c23176c6205b121b2973514eade1b2230"
  integrity sha512-ILj2TpLiysu2wkBbWjAmww7TkZb65aiQO+DkVdUTBpBXq+MHYiETENkKFMtsJZX1Lf4pe4QOrTSjIfUwN5lRdg==

mitt@^3.0.1:
  version "3.0.1"
  resolved "https://registry.yarnpkg.com/mitt/-/mitt-3.0.1.tgz#ea36cf0cc30403601ae074c8f77b7092cdab36d1"
  integrity sha512-vKivATfr97l2/QBCYAkXYDbrIWPM2IIKEl7YPhjCvKlG3kE2gm+uBo6nEXK3M5/Ffh/FLpKExzOQ3JJoJGFKBw==

ms@^2.1.3:
  version "2.1.3"
  resolved "https://registry.npmmirror.com/ms/-/ms-2.1.3.tgz#574c8138ce1d2b5861f0b44579dbadd60c6615b2"
  integrity sha512-6FlzubTLZG3J2a/NVCAleEhjzq5oxgHyaCU9yYXvcLsvoVaHJq/s5xXI6/XXP6tz7R9xAOtHnSO/tXtF3WRTlA==

nanoid@^3.3.4:
  version "3.3.4"
  resolved "https://registry.yarnpkg.com/nanoid/-/nanoid-3.3.4.tgz#730b67e3cd09e2deacf03c027c81c9d9dbc5e8ab"
  integrity sha512-MqBkQh/OHTS2egovRtLk45wEyNXwF+cokD+1YPf9u5VfJiRdAiRwB2froX5Co9Rh20xs4siNPm8naNotSD6RBw==

path-parse@^1.0.7:
  version "1.0.7"
  resolved "https://registry.yarnpkg.com/path-parse/-/path-parse-1.0.7.tgz#fbc114b60ca42b30d9daf5858e4bd68bbedb6735"
  integrity sha512-LDJzPVEEEPR+y48z93A0Ed0yXb8pAByGWo/k5YYdYgpY2/2EsOsksJrq7lOHxryrVOn1ejG6oAp8ahvOIQD8sw==

perfect-debounce@^1.0.0:
  version "1.0.0"
  resolved "https://registry.yarnpkg.com/perfect-debounce/-/perfect-debounce-1.0.0.tgz#9c2e8bc30b169cc984a58b7d5b28049839591d2a"
  integrity sha512-xCy9V055GLEqoFaHoC1SoLIaLmWctgCUaBaWxDZ7/Zx4CTyX7cJQLJOok/orfjZAh9kEYpjJa4d0KcJmCbctZA==

picocolors@^1.0.0:
  version "1.0.0"
  resolved "https://registry.yarnpkg.com/picocolors/-/picocolors-1.0.0.tgz#cb5bdc74ff3f51892236eaf79d68bc44564ab81c"
  integrity sha512-1fygroTLlHu66zi26VoTDv8yRgm0Fccecssto+MhsZ0D/DGW2sm8E8AjW7NU5VVTRt5GxbeZ5qBuJr+HyLYkjQ==

pinia@^3.0.1:
  version "3.0.1"
  resolved "https://registry.yarnpkg.com/pinia/-/pinia-3.0.1.tgz#d19f79a04b2b55fd63f78f1395a8c4a714d96941"
  integrity sha512-WXglsDzztOTH6IfcJ99ltYZin2mY8XZCXujkYWVIJlBjqsP6ST7zw+Aarh63E1cDVYeyUcPCxPHzJpEOmzB6Wg==
  dependencies:
    "@vue/devtools-api" "^7.7.2"

postcss@^8.1.10, postcss@^8.4.13:
  version "8.4.14"
  resolved "https://registry.yarnpkg.com/postcss/-/postcss-8.4.14.tgz#ee9274d5622b4858c1007a74d76e42e56fd21caf"
  integrity sha512-E398TUmfAYFPBSdzgeieK2Y1+1cpdxJx8yXbK/m57nRhKSmk1GB2tO4lbLBtlkfPQTDKfe4Xqv1ASWPpayPEig==
  dependencies:
    nanoid "^3.3.4"
    picocolors "^1.0.0"
    source-map-js "^1.0.2"

resolve@^1.22.0:
  version "1.22.0"
  resolved "https://registry.yarnpkg.com/resolve/-/resolve-1.22.0.tgz#5e0b8c67c15df57a89bdbabe603a002f21731198"
  integrity sha512-Hhtrw0nLeSrFQ7phPp4OOcVjLPIeMnRlr5mcnVuMe7M/7eBn98A3hmFRLoFo3DLZkivSYwhRUJTyPyWAk56WLw==
  dependencies:
    is-core-module "^2.8.1"
    path-parse "^1.0.7"
    supports-preserve-symlinks-flag "^1.0.0"

rfdc@^1.4.1:
  version "1.4.1"
  resolved "https://registry.yarnpkg.com/rfdc/-/rfdc-1.4.1.tgz#778f76c4fb731d93414e8f925fbecf64cce7f6ca"
  integrity sha512-q1b3N5QkRUWUl7iyylaaj3kOpIT0N2i9MqIEQXP73GVsN9cw3fdx8X63cEmWhJGi2PPCF23Ijp7ktmd39rawIA==

rollup@^2.59.0:
  version "2.75.6"
  resolved "https://registry.yarnpkg.com/rollup/-/rollup-2.75.6.tgz#ac4dc8600f95942a0180f61c7c9d6200e374b439"
  integrity sha512-OEf0TgpC9vU6WGROJIk1JA3LR5vk/yvqlzxqdrE2CzzXnqKXNzbAwlWUXis8RS3ZPe7LAq+YUxsRa0l3r27MLA==
  optionalDependencies:
    fsevents "~2.3.2"

source-map-js@^1.0.2:
  version "1.0.2"
  resolved "https://registry.yarnpkg.com/source-map-js/-/source-map-js-1.0.2.tgz#adbc361d9c62df380125e7f161f71c826f1e490c"
  integrity sha512-R0XvVJ9WusLiqTCEiGCmICCMplcCkIwwR11mOSD9CR5u+IXYdiseeEuXCVAjS54zqwkLcPNnmU4OeJ6tUrWhDw==

speakingurl@^14.0.1:
  version "14.0.1"
  resolved "https://registry.yarnpkg.com/speakingurl/-/speakingurl-14.0.1.tgz#f37ec8ddc4ab98e9600c1c9ec324a8c48d772a53"
  integrity sha512-1POYv7uv2gXoyGFpBCmpDVSNV74IfsWlDW216UPjbWufNf+bSU6GdbDsxdcxtfwb4xlI3yxzOTKClUosxARYrQ==

superjson@^2.2.1:
  version "2.2.2"
  resolved "https://registry.yarnpkg.com/superjson/-/superjson-2.2.2.tgz#9d52bf0bf6b5751a3c3472f1292e714782ba3173"
  integrity sha512-5JRxVqC8I8NuOUjzBbvVJAKNM8qoVuH0O77h4WInc/qC2q5IreqKxYwgkga3PfA22OayK2ikceb/B26dztPl+Q==
  dependencies:
    copy-anything "^3.0.2"

supports-color@^7.1.0:
  version "7.2.0"
  resolved "https://registry.npmmirror.com/supports-color/-/supports-color-7.2.0.tgz#1b7dcdcb32b8138801b3e478ba6a51caa89648da"
  integrity sha512-qpCAvRl9stuOHveKsn7HncJRvv501qIacKzQlO/+Lwxc9+0q2wLyv4Dfvt80/DPn2pqOBsJdDiogXGR9+OvwRw==
  dependencies:
    has-flag "^4.0.0"

supports-preserve-symlinks-flag@^1.0.0:
  version "1.0.0"
  resolved "https://registry.yarnpkg.com/supports-preserve-symlinks-flag/-/supports-preserve-symlinks-flag-1.0.0.tgz#6eda4bd344a3c94aea376d4cc31bc77311039e09"
  integrity sha512-ot0WnXS9fgdkgIcePe6RHNk1WA8+muPa6cSjeR3V8K27q9BB1rTE3R1p7Hv0z1ZyAc8s6Vvv8DIyWf681MAt0w==

universalify@^2.0.0:
  version "2.0.1"
  resolved "https://registry.npmmirror.com/universalify/-/universalify-2.0.1.tgz#168efc2180964e6386d061e094df61afe239b18d"
  integrity sha512-gptHNQghINnc/vTGIk0SOFGFNXw7JVrlRUtConJRlvaw6DuX0wO5Jeko9sWrMBhh+PsYAZ7oXAiOnf/UKogyiw==

vite-plugin-compression@^0.5.1:
  version "0.5.1"
  resolved "https://registry.npmmirror.com/vite-plugin-compression/-/vite-plugin-compression-0.5.1.tgz#a75b0d8f48357ebb377b65016da9f20885ef39b6"
  integrity sha512-5QJKBDc+gNYVqL/skgFAP81Yuzo9R+EAf19d+EtsMF/i8kFUpNi3J/H01QD3Oo8zBQn+NzoCIFkpPLynoOzaJg==
  dependencies:
    chalk "^4.1.2"
    debug "^4.3.3"
    fs-extra "^10.0.0"

vite@^2.9.9:
  version "2.9.10"
  resolved "https://registry.yarnpkg.com/vite/-/vite-2.9.10.tgz#f574d96655622c2e0fbc662edd0ed199c60fe91a"
  integrity sha512-TwZRuSMYjpTurLqXspct+HZE7ONiW9d+wSWgvADGxhDPPyoIcNywY+RX4ng+QpK30DCa1l/oZgi2PLZDibhzbQ==
  dependencies:
    esbuild "^0.14.27"
    postcss "^8.4.13"
    resolve "^1.22.0"
    rollup "^2.59.0"
  optionalDependencies:
    fsevents "~2.3.2"

vue-observe-visibility@^2.0.0-alpha.1:
  version "2.0.0-alpha.1"
  resolved "https://registry.npmmirror.com/vue-observe-visibility/-/vue-observe-visibility-2.0.0-alpha.1.tgz#1e4eda7b12562161d58984b7e0dea676d83bdb13"
  integrity sha512-flFbp/gs9pZniXR6fans8smv1kDScJ8RS7rEpMjhVabiKeq7Qz3D9+eGsypncjfIyyU84saU88XZ0zjbD6Gq/g==

vue-resize@^2.0.0-alpha.1:
  version "2.0.0-alpha.1"
  resolved "https://registry.npmmirror.com/vue-resize/-/vue-resize-2.0.0-alpha.1.tgz#43eeb79e74febe932b9b20c5c57e0ebc14e2df3a"
  integrity sha512-7+iqOueLU7uc9NrMfrzbG8hwMqchfVfSzpVlCMeJQe4pyibqyoifDNbKTZvwxZKDvGkB+PdFeKvnGZMoEb8esg==

vue-router@4:
  version "4.0.15"
  resolved "https://registry.yarnpkg.com/vue-router/-/vue-router-4.0.15.tgz#b4a0661efe197f8c724e0f233308f8776e2c3667"
  integrity sha512-xa+pIN9ZqORdIW1MkN2+d9Ui2pCM1b/UMgwYUCZOiFYHAvz/slKKBDha8DLrh5aCG/RibtrpyhKjKOZ85tYyWg==
  dependencies:
    "@vue/devtools-api" "^6.0.0"

vue-virtual-scroller@^2.0.0-beta.8:
  version "2.0.0-beta.8"
  resolved "https://registry.npmmirror.com/vue-virtual-scroller/-/vue-virtual-scroller-2.0.0-beta.8.tgz#eeceda57e4faa5ba1763994c873923e2a956898b"
  integrity sha512-b8/f5NQ5nIEBRTNi6GcPItE4s7kxNHw2AIHLtDp+2QvqdTjVN0FgONwX9cr53jWRgnu+HRLPaWDOR2JPI5MTfQ==
  dependencies:
    mitt "^2.1.0"
    vue-observe-visibility "^2.0.0-alpha.1"
    vue-resize "^2.0.0-alpha.1"

vue@3.3.4:
  version "3.3.4"
  resolved "https://registry.yarnpkg.com/vue/-/vue-3.3.4.tgz#8ed945d3873667df1d0fcf3b2463ada028f88bd6"
  integrity sha512-VTyEYn3yvIeY1Py0WaYGZsXnz3y5UnGi62GjVEqvEGPl6nxbOrCXbVOTQWBEJUqAyTUk2uJ5JLVnYJ6ZzGbrSw==
  dependencies:
    "@vue/compiler-dom" "3.3.4"
    "@vue/compiler-sfc" "3.3.4"
    "@vue/runtime-dom" "3.3.4"
    "@vue/server-renderer" "3.3.4"
    "@vue/shared" "3.3.4"
